
Microsoft Visual Studio Solution File, Format Version 12.00
# Visual Studio Version 16
VisualStudioVersion = 16.0.30503.244
MinimumVisualStudioVersion = 10.0.40219.1
Project("{FAE04EC0-301F-11D3-BF4B-00C04F79EFBC}") = "Hw21", "HomeWork1\Hw21.csproj", "{A533058E-FA0A-4932-91A5-911193029665}"
EndProject
Project("{FAE04EC0-301F-11D3-BF4B-00C04F79EFBC}") = "Hw22", "Homework2\Hw22.csproj", "{A58541D3-62F7-44CC-AF47-53B874D56866}"
EndProject
Project("{FAE04EC0-301F-11D3-BF4B-00C04F79EFBC}") = "Hw23", "Homework3\Hw23.csproj", "{C23BC283-2AE5-436D-AE18-AC1D89CC8CA4}"
EndProject
Project("{FAE04EC0-301F-11D3-BF4B-00C04F79EFBC}") = "HW24", "Homework4\HW24.csproj", "{F6BBB515-B2EE-4A98-9988-979335AA39FC}"
EndProject
Project("{2150E333-8FDC-42A3-9474-1A3956D46DE8}") = "lesson1", "lesson1", "{D827193D-5082-427E-AC40-47E7F4F98CD8}"
EndProject
Project("{2150E333-8FDC-42A3-9474-1A3956D46DE8}") = "lesson2", "lesson2", "{FD455C75-D83B-4FD1-89A5-F6B9EA5C3F3B}"
EndProject
Project("{FAE04EC0-301F-11D3-BF4B-00C04F79EFBC}") = "Hw11", "Ex11\Hw11.csproj", "{6BEEF42C-F174-4F03-B25F-7A44755DB250}"
EndProject
Project("{FAE04EC0-301F-11D3-BF4B-00C04F79EFBC}") = "Hw12", "Ex12\Hw12.csproj", "{BCEF81E9-8B1E-46ED-AE94-B684DCA7EB14}"
EndProject
Project("{FAE04EC0-301F-11D3-BF4B-00C04F79EFBC}") = "Hw13", "Ex13\Hw13.csproj", "{590F0AB6-EEAB-4BD6-BB7A-E31FFDF82F75}"
EndProject
Global
	GlobalSection(SolutionConfigurationPlatforms) = preSolution
		Debug|Any CPU = Debug|Any CPU
		Release|Any CPU = Release|Any CPU
	EndGlobalSection
	GlobalSection(ProjectConfigurationPlatforms) = postSolution
		{A533058E-FA0A-4932-91A5-911193029665}.Debug|Any CPU.ActiveCfg = Debug|Any CPU
		{A533058E-FA0A-4932-91A5-911193029665}.Debug|Any CPU.Build.0 = Debug|Any CPU
		{A533058E-FA0A-4932-91A5-911193029665}.Release|Any CPU.ActiveCfg = Release|Any CPU
		{A533058E-FA0A-4932-91A5-911193029665}.Release|Any CPU.Build.0 = Release|Any CPU
		{A58541D3-62F7-44CC-AF47-53B874D56866}.Debug|Any CPU.ActiveCfg = Debug|Any CPU
		{A58541D3-62F7-44CC-AF47-53B874D56866}.Debug|Any CPU.Build.0 = Debug|Any CPU
		{A58541D3-62F7-44CC-AF47-53B874D56866}.Release|Any CPU.ActiveCfg = Release|Any CPU
		{A58541D3-62F7-44CC-AF47-53B874D56866}.Release|Any CPU.Build.0 = Release|Any CPU
		{C23BC283-2AE5-436D-AE18-AC1D89CC8CA4}.Debug|Any CPU.ActiveCfg = Debug|Any CPU
		{C23BC283-2AE5-436D-AE18-AC1D89CC8CA4}.Debug|Any CPU.Build.0 = Debug|Any CPU
		{C23BC283-2AE5-436D-AE18-AC1D89CC8CA4}.Release|Any CPU.ActiveCfg = Release|Any CPU
		{C23BC283-2AE5-436D-AE18-AC1D89CC8CA4}.Release|Any CPU.Build.0 = Release|Any CPU
		{F6BBB515-B2EE-4A98-9988-979335AA39FC}.Debug|Any CPU.ActiveCfg = Debug|Any CPU
		{F6BBB515-B2EE-4A98-9988-979335AA39FC}.Debug|Any CPU.Build.0 = Debug|Any CPU
		{F6BBB515-B2EE-4A98-9988-979335AA39FC}.Release|Any CPU.ActiveCfg = Release|Any CPU
		{F6BBB515-B2EE-4A98-9988-979335AA39FC}.Release|Any CPU.Build.0 = Release|Any CPU
		{6BEEF42C-F174-4F03-B25F-7A44755DB250}.Debug|Any CPU.ActiveCfg = Debug|Any CPU
		{6BEEF42C-F174-4F03-B25F-7A44755DB250}.Debug|Any CPU.Build.0 = Debug|Any CPU
		{6BEEF42C-F174-4F03-B25F-7A44755DB250}.Release|Any CPU.ActiveCfg = Release|Any CPU
		{6BEEF42C-F174-4F03-B25F-7A44755DB250}.Release|Any CPU.Build.0 = Release|Any CPU
		{BCEF81E9-8B1E-46ED-AE94-B684DCA7EB14}.Debug|Any CPU.ActiveCfg = Debug|Any CPU
		{BCEF81E9-8B1E-46ED-AE94-B684DCA7EB14}.Debug|Any CPU.Build.0 = Debug|Any CPU
		{BCEF81E9-8B1E-46ED-AE94-B684DCA7EB14}.Release|Any CPU.ActiveCfg = Release|Any CPU
		{BCEF81E9-8B1E-46ED-AE94-B684DCA7EB14}.Release|Any CPU.Build.0 = Release|Any CPU
		{590F0AB6-EEAB-4BD6-BB7A-E31FFDF82F75}.Debug|Any CPU.ActiveCfg = Debug|Any CPU
		{590F0AB6-EEAB-4BD6-BB7A-E31FFDF82F75}.Debug|Any CPU.Build.0 = Debug|Any CPU
		{590F0AB6-EEAB-4BD6-BB7A-E31FFDF82F75}.Release|Any CPU.ActiveCfg = Release|Any CPU
		{590F0AB6-EEAB-4BD6-BB7A-E31FFDF82F75}.Release|Any CPU.Build.0 = Release|Any CPU
	EndGlobalSection
	GlobalSection(SolutionProperties) = preSolution
		HideSolutionNode = FALSE
	EndGlobalSection
	GlobalSection(NestedProjects) = preSolution
		{A533058E-FA0A-4932-91A5-911193029665} = {FD455C75-D83B-4FD1-89A5-F6B9EA5C3F3B}
		{A58541D3-62F7-44CC-AF47-53B874D56866} = {FD455C75-D83B-4FD1-89A5-F6B9EA5C3F3B}
		{C23BC283-2AE5-436D-AE18-AC1D89CC8CA4} = {FD455C75-D83B-4FD1-89A5-F6B9EA5C3F3B}
		{F6BBB515-B2EE-4A98-9988-979335AA39FC} = {FD455C75-D83B-4FD1-89A5-F6B9EA5C3F3B}
		{6BEEF42C-F174-4F03-B25F-7A44755DB250} = {D827193D-5082-427E-AC40-47E7F4F98CD8}
		{BCEF81E9-8B1E-46ED-AE94-B684DCA7EB14} = {D827193D-5082-427E-AC40-47E7F4F98CD8}
		{590F0AB6-EEAB-4BD6-BB7A-E31FFDF82F75} = {D827193D-5082-427E-AC40-47E7F4F98CD8}
	EndGlobalSection
	GlobalSection(ExtensibilityGlobals) = postSolution
		SolutionGuid = {0FA17626-16F3-4351-8F91-420DD448DA5A}
	EndGlobalSection
EndGlobal
